{
  "name": "@potch/glitch-project-export",
  "version": "1.2.3",
  "lockfileVersion": 3,
  "requires": true,
  "packages": {
    "": {
      "name": "@potch/glitch-project-export",
      "version": "1.2.3",
      "license": "ISC",
      "bin": {
        "glitch-project-export": "manage.js"
      },
      "engines": {
        "node": ">=18"
      }
    }
  }
}
